
Microsoft Visual Studio Solution File, Format Version 12.00
# Visual Studio 14
VisualStudioVersion = 14.0.25420.1
MinimumVisualStudioVersion = 10.0.40219.1
Project("{FAE04EC0-301F-11D3-BF4B-00C04F79EFBC}") = "CMOConverter", "CMOConverter\CMOConverter.csproj", "{2B911D89-4A7E-4ED8-A44C-3122083A44D5}"
EndProject
Project("{8BC9CEB8-8B4A-11D0-8D11-00A0C91BC942}") = "MakeCMO", "MakeCMO\MakeCMO.vcxproj", "{AF4F64E9-3B44-466F-B73B-4743D20BAE8B}"
EndProject
Project("{8BC9CEB8-8B4A-11D0-8D11-00A0C91BC942}") = "CMOViewer", "CMOViewer\CMOViewer.vcxproj", "{63D5F19F-7B08-4DA1-896C-0C55B32662FF}"
EndProject
Global
	GlobalSection(SolutionConfigurationPlatforms) = preSolution
		Debug|Any CPU = Debug|Any CPU
		Debug|x64 = Debug|x64
		Debug|x86 = Debug|x86
		Release|Any CPU = Release|Any CPU
		Release|x64 = Release|x64
		Release|x86 = Release|x86
	EndGlobalSection
	GlobalSection(ProjectConfigurationPlatforms) = postSolution
		{2B911D89-4A7E-4ED8-A44C-3122083A44D5}.Debug|Any CPU.ActiveCfg = Debug|Any CPU
		{2B911D89-4A7E-4ED8-A44C-3122083A44D5}.Debug|Any CPU.Build.0 = Debug|Any CPU
		{2B911D89-4A7E-4ED8-A44C-3122083A44D5}.Debug|x64.ActiveCfg = Debug|Any CPU
		{2B911D89-4A7E-4ED8-A44C-3122083A44D5}.Debug|x64.Build.0 = Debug|Any CPU
		{2B911D89-4A7E-4ED8-A44C-3122083A44D5}.Debug|x86.ActiveCfg = Debug|Any CPU
		{2B911D89-4A7E-4ED8-A44C-3122083A44D5}.Debug|x86.Build.0 = Debug|Any CPU
		{2B911D89-4A7E-4ED8-A44C-3122083A44D5}.Release|Any CPU.ActiveCfg = Release|Any CPU
		{2B911D89-4A7E-4ED8-A44C-3122083A44D5}.Release|Any CPU.Build.0 = Release|Any CPU
		{2B911D89-4A7E-4ED8-A44C-3122083A44D5}.Release|x64.ActiveCfg = Release|Any CPU
		{2B911D89-4A7E-4ED8-A44C-3122083A44D5}.Release|x64.Build.0 = Release|Any CPU
		{2B911D89-4A7E-4ED8-A44C-3122083A44D5}.Release|x86.ActiveCfg = Release|Any CPU
		{2B911D89-4A7E-4ED8-A44C-3122083A44D5}.Release|x86.Build.0 = Release|Any CPU
		{AF4F64E9-3B44-466F-B73B-4743D20BAE8B}.Debug|Any CPU.ActiveCfg = Debug|Win32
		{AF4F64E9-3B44-466F-B73B-4743D20BAE8B}.Debug|x64.ActiveCfg = Debug|Win32
		{AF4F64E9-3B44-466F-B73B-4743D20BAE8B}.Debug|x86.ActiveCfg = Debug|Win32
		{AF4F64E9-3B44-466F-B73B-4743D20BAE8B}.Debug|x86.Build.0 = Debug|Win32
		{AF4F64E9-3B44-466F-B73B-4743D20BAE8B}.Release|Any CPU.ActiveCfg = Debug|Win32
		{AF4F64E9-3B44-466F-B73B-4743D20BAE8B}.Release|Any CPU.Build.0 = Debug|Win32
		{AF4F64E9-3B44-466F-B73B-4743D20BAE8B}.Release|x64.ActiveCfg = Debug|Win32
		{AF4F64E9-3B44-466F-B73B-4743D20BAE8B}.Release|x64.Build.0 = Debug|Win32
		{AF4F64E9-3B44-466F-B73B-4743D20BAE8B}.Release|x86.ActiveCfg = Debug|Win32
		{AF4F64E9-3B44-466F-B73B-4743D20BAE8B}.Release|x86.Build.0 = Debug|Win32
		{63D5F19F-7B08-4DA1-896C-0C55B32662FF}.Debug|Any CPU.ActiveCfg = Debug|Win32
		{63D5F19F-7B08-4DA1-896C-0C55B32662FF}.Debug|x64.ActiveCfg = Debug|x64
		{63D5F19F-7B08-4DA1-896C-0C55B32662FF}.Debug|x64.Build.0 = Debug|x64
		{63D5F19F-7B08-4DA1-896C-0C55B32662FF}.Debug|x86.ActiveCfg = Debug|Win32
		{63D5F19F-7B08-4DA1-896C-0C55B32662FF}.Debug|x86.Build.0 = Debug|Win32
		{63D5F19F-7B08-4DA1-896C-0C55B32662FF}.Release|Any CPU.ActiveCfg = Release|Win32
		{63D5F19F-7B08-4DA1-896C-0C55B32662FF}.Release|x64.ActiveCfg = Release|x64
		{63D5F19F-7B08-4DA1-896C-0C55B32662FF}.Release|x64.Build.0 = Release|x64
		{63D5F19F-7B08-4DA1-896C-0C55B32662FF}.Release|x86.ActiveCfg = Release|Win32
		{63D5F19F-7B08-4DA1-896C-0C55B32662FF}.Release|x86.Build.0 = Release|Win32
	EndGlobalSection
	GlobalSection(SolutionProperties) = preSolution
		HideSolutionNode = FALSE
	EndGlobalSection
	GlobalSection(ExtensibilityGlobals) = postSolution
		SolutionGuid = {75CFCD38-E93B-43B7-A793-5E61B08357E8}
	EndGlobalSection
EndGlobal
